
Microsoft Visual Studio Solution File, Format Version 12.00
# Visual Studio Version 16
VisualStudioVersion = 25.0.1704.2
MinimumVisualStudioVersion = 10.0.40219.1
Project("{FAE04EC0-301F-11D3-BF4B-00C04F79EFBC}") = "Mission02", "Mission02\Mission02.csproj", "{F87CA385-EDB3-471E-804B-4A83036487E8}"
EndProject
Global
	GlobalSection(SolutionConfigurationPlatforms) = preSolution
		Debug|Any CPU = Debug|Any CPU
		Release|Any CPU = Release|Any CPU
	EndGlobalSection
	GlobalSection(ProjectConfigurationPlatforms) = postSolution
		{F87CA385-EDB3-471E-804B-4A83036487E8}.Debug|Any CPU.ActiveCfg = Debug|Any CPU
		{F87CA385-EDB3-471E-804B-4A83036487E8}.Debug|Any CPU.Build.0 = Debug|Any CPU
		{F87CA385-EDB3-471E-804B-4A83036487E8}.Release|Any CPU.ActiveCfg = Release|Any CPU
		{F87CA385-EDB3-471E-804B-4A83036487E8}.Release|Any CPU.Build.0 = Release|Any CPU
	EndGlobalSection
	GlobalSection(SolutionProperties) = preSolution
		HideSolutionNode = FALSE
	EndGlobalSection
	GlobalSection(ExtensibilityGlobals) = postSolution
		SolutionGuid = {3633F564-DBE4-4CC5-B2F3-6E48D92E5899}
	EndGlobalSection
EndGlobal
